
Microsoft Visual Studio Solution File, Format Version 12.00
# Visual Studio Version 17
VisualStudioVersion = 17.12.35707.178
MinimumVisualStudioVersion = 10.0.40219.1
Project("{FAE04EC0-301F-11D3-BF4B-00C04F79EFBC}") = "ModbusTCP", "ModbusTCP\ModbusTCP.csproj", "{38E22BEA-30D2-4B78-A6BF-B07F15D76025}"
EndProject
Project("{FAE04EC0-301F-11D3-BF4B-00C04F79EFBC}") = "Modbus.Protocol", "Modbus.Protocol\Modbus.Protocol.csproj", "{66494D29-F418-417E-A7C0-A8AD4D739DE6}"
EndProject
Project("{FAE04EC0-301F-11D3-BF4B-00C04F79EFBC}") = "Abaddax.Utilities", "..\Abaddax.Utilities\Abaddax.Utilities\Abaddax.Utilities.csproj", "{F3C8FCAF-1CE6-4D15-85E0-9DB604FA8BC1}"
EndProject
Project("{FAE04EC0-301F-11D3-BF4B-00C04F79EFBC}") = "Modbus.TCP", "Modbus.TCP\Modbus.TCP.csproj", "{8D260ABF-99CD-4008-A3E1-E36407A9ABE3}"
EndProject
Project("{FAE04EC0-301F-11D3-BF4B-00C04F79EFBC}") = "Modbus.TCP.Tests", "Modbus.TCP.Tests\Modbus.TCP.Tests.csproj", "{835B4558-9CFB-4DFE-893B-ACBE440479E8}"
EndProject
Project("{FAE04EC0-301F-11D3-BF4B-00C04F79EFBC}") = "Modbus.Protocol.Tests", "Modbus.Protocol.Tests\Modbus.Protocol.Tests.csproj", "{B0C12138-1155-47E7-AE6F-8E812B87640B}"
EndProject
Project("{FAE04EC0-301F-11D3-BF4B-00C04F79EFBC}") = "Modbus.RTU", "Modbus.RTU\Modbus.RTU.csproj", "{1675C10D-99A0-4F4D-8D17-5DA8BBA86E26}"
EndProject
Project("{FAE04EC0-301F-11D3-BF4B-00C04F79EFBC}") = "Modbus.RTU.Tests", "Modbus.RTU.Tests\Modbus.RTU.Tests.csproj", "{DB888C4B-34A1-4BB8-BFE2-4EA446363AFB}"
EndProject
Global
	GlobalSection(SolutionConfigurationPlatforms) = preSolution
		Debug|Any CPU = Debug|Any CPU
		Release|Any CPU = Release|Any CPU
	EndGlobalSection
	GlobalSection(ProjectConfigurationPlatforms) = postSolution
		{38E22BEA-30D2-4B78-A6BF-B07F15D76025}.Debug|Any CPU.ActiveCfg = Debug|Any CPU
		{38E22BEA-30D2-4B78-A6BF-B07F15D76025}.Debug|Any CPU.Build.0 = Debug|Any CPU
		{38E22BEA-30D2-4B78-A6BF-B07F15D76025}.Release|Any CPU.ActiveCfg = Release|Any CPU
		{38E22BEA-30D2-4B78-A6BF-B07F15D76025}.Release|Any CPU.Build.0 = Release|Any CPU
		{66494D29-F418-417E-A7C0-A8AD4D739DE6}.Debug|Any CPU.ActiveCfg = Debug|Any CPU
		{66494D29-F418-417E-A7C0-A8AD4D739DE6}.Debug|Any CPU.Build.0 = Debug|Any CPU
		{66494D29-F418-417E-A7C0-A8AD4D739DE6}.Release|Any CPU.ActiveCfg = Release|Any CPU
		{66494D29-F418-417E-A7C0-A8AD4D739DE6}.Release|Any CPU.Build.0 = Release|Any CPU
		{F3C8FCAF-1CE6-4D15-85E0-9DB604FA8BC1}.Debug|Any CPU.ActiveCfg = Debug|Any CPU
		{F3C8FCAF-1CE6-4D15-85E0-9DB604FA8BC1}.Debug|Any CPU.Build.0 = Debug|Any CPU
		{F3C8FCAF-1CE6-4D15-85E0-9DB604FA8BC1}.Release|Any CPU.ActiveCfg = Release|Any CPU
		{F3C8FCAF-1CE6-4D15-85E0-9DB604FA8BC1}.Release|Any CPU.Build.0 = Release|Any CPU
		{8D260ABF-99CD-4008-A3E1-E36407A9ABE3}.Debug|Any CPU.ActiveCfg = Debug|Any CPU
		{8D260ABF-99CD-4008-A3E1-E36407A9ABE3}.Debug|Any CPU.Build.0 = Debug|Any CPU
		{8D260ABF-99CD-4008-A3E1-E36407A9ABE3}.Release|Any CPU.ActiveCfg = Release|Any CPU
		{8D260ABF-99CD-4008-A3E1-E36407A9ABE3}.Release|Any CPU.Build.0 = Release|Any CPU
		{835B4558-9CFB-4DFE-893B-ACBE440479E8}.Debug|Any CPU.ActiveCfg = Debug|Any CPU
		{835B4558-9CFB-4DFE-893B-ACBE440479E8}.Debug|Any CPU.Build.0 = Debug|Any CPU
		{835B4558-9CFB-4DFE-893B-ACBE440479E8}.Release|Any CPU.ActiveCfg = Release|Any CPU
		{835B4558-9CFB-4DFE-893B-ACBE440479E8}.Release|Any CPU.Build.0 = Release|Any CPU
		{B0C12138-1155-47E7-AE6F-8E812B87640B}.Debug|Any CPU.ActiveCfg = Debug|Any CPU
		{B0C12138-1155-47E7-AE6F-8E812B87640B}.Debug|Any CPU.Build.0 = Debug|Any CPU
		{B0C12138-1155-47E7-AE6F-8E812B87640B}.Release|Any CPU.ActiveCfg = Release|Any CPU
		{B0C12138-1155-47E7-AE6F-8E812B87640B}.Release|Any CPU.Build.0 = Release|Any CPU
		{1675C10D-99A0-4F4D-8D17-5DA8BBA86E26}.Debug|Any CPU.ActiveCfg = Debug|Any CPU
		{1675C10D-99A0-4F4D-8D17-5DA8BBA86E26}.Debug|Any CPU.Build.0 = Debug|Any CPU
		{1675C10D-99A0-4F4D-8D17-5DA8BBA86E26}.Release|Any CPU.ActiveCfg = Release|Any CPU
		{1675C10D-99A0-4F4D-8D17-5DA8BBA86E26}.Release|Any CPU.Build.0 = Release|Any CPU
		{DB888C4B-34A1-4BB8-BFE2-4EA446363AFB}.Debug|Any CPU.ActiveCfg = Debug|Any CPU
		{DB888C4B-34A1-4BB8-BFE2-4EA446363AFB}.Debug|Any CPU.Build.0 = Debug|Any CPU
		{DB888C4B-34A1-4BB8-BFE2-4EA446363AFB}.Release|Any CPU.ActiveCfg = Release|Any CPU
		{DB888C4B-34A1-4BB8-BFE2-4EA446363AFB}.Release|Any CPU.Build.0 = Release|Any CPU
	EndGlobalSection
	GlobalSection(SolutionProperties) = preSolution
		HideSolutionNode = FALSE
	EndGlobalSection
	GlobalSection(ExtensibilityGlobals) = postSolution
		SolutionGuid = {4BE4C33B-E642-4A01-9E83-22B19793D023}
	EndGlobalSection
EndGlobal
